
Microsoft Visual Studio Solution File, Format Version 12.00
# Visual Studio 15
VisualStudioVersion = 15.0.27428.2002
MinimumVisualStudioVersion = 10.0.40219.1
Project("{FAE04EC0-301F-11D3-BF4B-00C04F79EFBC}") = "DUSTOFF TF160", "DUSTOFF TF160\DUSTOFF TF160.csproj", "{EC14AA22-249D-4926-9F57-DF0C16324E70}"
EndProject
Global
	GlobalSection(SolutionConfigurationPlatforms) = preSolution
		Debug|ARM = Debug|ARM
		Debug|x64 = Debug|x64
		Debug|x86 = Debug|x86
		Release|ARM = Release|ARM
		Release|x64 = Release|x64
		Release|x86 = Release|x86
	EndGlobalSection
	GlobalSection(ProjectConfigurationPlatforms) = postSolution
		{EC14AA22-249D-4926-9F57-DF0C16324E70}.Debug|ARM.ActiveCfg = Debug|ARM
		{EC14AA22-249D-4926-9F57-DF0C16324E70}.Debug|ARM.Build.0 = Debug|ARM
		{EC14AA22-249D-4926-9F57-DF0C16324E70}.Debug|ARM.Deploy.0 = Debug|ARM
		{EC14AA22-249D-4926-9F57-DF0C16324E70}.Debug|x64.ActiveCfg = Debug|x64
		{EC14AA22-249D-4926-9F57-DF0C16324E70}.Debug|x64.Build.0 = Debug|x64
		{EC14AA22-249D-4926-9F57-DF0C16324E70}.Debug|x64.Deploy.0 = Debug|x64
		{EC14AA22-249D-4926-9F57-DF0C16324E70}.Debug|x86.ActiveCfg = Debug|x86
		{EC14AA22-249D-4926-9F57-DF0C16324E70}.Debug|x86.Build.0 = Debug|x86
		{EC14AA22-249D-4926-9F57-DF0C16324E70}.Debug|x86.Deploy.0 = Debug|x86
		{EC14AA22-249D-4926-9F57-DF0C16324E70}.Release|ARM.ActiveCfg = Release|ARM
		{EC14AA22-249D-4926-9F57-DF0C16324E70}.Release|ARM.Build.0 = Release|ARM
		{EC14AA22-249D-4926-9F57-DF0C16324E70}.Release|ARM.Deploy.0 = Release|ARM
		{EC14AA22-249D-4926-9F57-DF0C16324E70}.Release|x64.ActiveCfg = Release|x64
		{EC14AA22-249D-4926-9F57-DF0C16324E70}.Release|x64.Build.0 = Release|x64
		{EC14AA22-249D-4926-9F57-DF0C16324E70}.Release|x64.Deploy.0 = Release|x64
		{EC14AA22-249D-4926-9F57-DF0C16324E70}.Release|x86.ActiveCfg = Release|x86
		{EC14AA22-249D-4926-9F57-DF0C16324E70}.Release|x86.Build.0 = Release|x86
		{EC14AA22-249D-4926-9F57-DF0C16324E70}.Release|x86.Deploy.0 = Release|x86
	EndGlobalSection
	GlobalSection(SolutionProperties) = preSolution
		HideSolutionNode = FALSE
	EndGlobalSection
	GlobalSection(ExtensibilityGlobals) = postSolution
		SolutionGuid = {CFA805BE-A087-4F0B-991B-8272FD0FDDD2}
	EndGlobalSection
EndGlobal
